{
  "nodes": {
    "banner": {
      "inputs": {
        "nixpkgs": [
          "nixpkgs"
        ]
      },
      "locked": {
        "lastModified": 1750726578,
        "narHash": "sha256-xVN/OdaVMO8wvYAWdsiTYqAIo3vhZQQo0A1AapgrryQ=",
        "owner": "the-argus",
        "repo": "banner.nix",
        "rev": "8e2d835c497e1419d9a8d72110810b67ed4cb448",
        "type": "github"
      },
      "original": {
        "owner": "the-argus",
        "repo": "banner.nix",
        "type": "github"
      }
    },
    "nixpkgs": {
      "locked": {
        "lastModified": 1749285348,
        "narHash": "sha256-frdhQvPbmDYaScPFiCnfdh3B/Vh81Uuoo0w5TkWmmjU=",
        "owner": "NixOS",
        "repo": "nixpkgs",
        "rev": "3e3afe5174c561dee0df6f2c2b2236990146329f",
        "type": "github"
      },
      "original": {
        "owner": "NixOS",
        "ref": "nixos-unstable",
        "repo": "nixpkgs",
        "type": "github"
      }
    },
    "nixpkgs-pinned": {
      "locked": {
        "lastModified": 1685383865,
        "narHash": "sha256-3uQytfnotO6QJv3r04ajSXbEFMII0dUtw0uqYlZ4dbk=",
        "owner": "NixOS",
        "repo": "nixpkgs",
        "rev": "5e871d8aa6f57cc8e0dc087d1c5013f6e212b4ce",
        "type": "github"
      },
      "original": {
        "owner": "NixOS",
        "repo": "nixpkgs",
        "rev": "5e871d8aa6f57cc8e0dc087d1c5013f6e212b4ce",
        "type": "github"
      }
    },
    "root": {
      "inputs": {
        "banner": "banner",
        "nixpkgs": "nixpkgs",
        "nixpkgs-pinned": "nixpkgs-pinned"
      }
    }
  },
  "root": "root",
  "version": 7
}
