{
  "nodes": {
    "banner": {
      "inputs": {
        "nixpkgs": [
          "nixpkgs"
        ]
      },
      "locked": {
        "lastModified": 1669224926,
        "narHash": "sha256-UK19yx8jNqbPfBZNUeJr2Sms7BhbDAUyJBF5w2CT6Hc=",
        "owner": "the-argus",
        "repo": "banner.nix",
        "rev": "253556f4068f5cb9728e49ac42d630cdc0ccfd58",
        "type": "github"
      },
      "original": {
        "owner": "the-argus",
        "repo": "banner.nix",
        "type": "github"
      }
    },
    "flake-utils": {
      "locked": {
        "lastModified": 1659877975,
        "narHash": "sha256-zllb8aq3YO3h8B/U0/J1WBgAL8EX5yWf5pMj3G0NAmc=",
        "owner": "numtide",
        "repo": "flake-utils",
        "rev": "c0e246b9b83f637f4681389ecabcb2681b4f3af0",
        "type": "github"
      },
      "original": {
        "owner": "numtide",
        "repo": "flake-utils",
        "type": "github"
      }
    },
    "nix2vim": {
      "inputs": {
        "flake-utils": "flake-utils",
        "nixpkgs": [
          "nixpkgs"
        ]
      },
      "locked": {
        "lastModified": 1666021730,
        "narHash": "sha256-eXd9bqYleh+BZsUybKCj7rNhnwoV0tzsuGGXKmW/+NA=",
        "owner": "gytis-ivaskevicius",
        "repo": "nix2vim",
        "rev": "f3b56da72278cd720fe7fb4b6d001047b7179669",
        "type": "github"
      },
      "original": {
        "owner": "gytis-ivaskevicius",
        "repo": "nix2vim",
        "type": "github"
      }
    },
    "nixpkgs": {
      "locked": {
        "lastModified": 1668008070,
        "narHash": "sha256-ruT0mhXXHfIxLnUq43gO+V2XVvUQZTpj7ZLE4/dgTIQ=",
        "owner": "NixOS",
        "repo": "nixpkgs",
        "rev": "e12211201092f08c24d710c1697cca16afae3a4c",
        "type": "github"
      },
      "original": {
        "owner": "NixOS",
        "repo": "nixpkgs",
        "rev": "e12211201092f08c24d710c1697cca16afae3a4c",
        "type": "github"
      }
    },
    "nixpkgs-old": {
      "locked": {
        "lastModified": 1669834992,
        "narHash": "sha256-YnhZGHgb4C3Q7DSGisO/stc50jFb9F/MzHeKS4giotg=",
        "owner": "NixOS",
        "repo": "nixpkgs",
        "rev": "596a8e828c5dfa504f91918d0fa4152db3ab5502",
        "type": "github"
      },
      "original": {
        "owner": "NixOS",
        "ref": "nixos-22.11",
        "repo": "nixpkgs",
        "type": "github"
      }
    },
    "root": {
      "inputs": {
        "banner": "banner",
        "nix2vim": "nix2vim",
        "nixpkgs": "nixpkgs",
        "nixpkgs-old": "nixpkgs-old"
      }
    }
  },
  "root": "root",
  "version": 7
}
